
Microsoft Visual Studio Solution File, Format Version 12.00
# Visual Studio Version 17
VisualStudioVersion = 17.0.31903.59
MinimumVisualStudioVersion = 10.0.40219.1
Project("{2150E333-8FDC-42A3-9474-1A3956D46DE8}") = "src", "src", "{BA998674-27A5-4094-8F8E-E11F87F9EEEF}"
EndProject
Project("{2150E333-8FDC-42A3-9474-1A3956D46DE8}") = "Tests", "Tests", "{51E7C410-29FE-4898-B7F1-A7A5169E3E8E}"
EndProject
Project("{FAE04EC0-301F-11D3-BF4B-00C04F79EFBC}") = "WildForest.UnitTests", "src\Tests\WildForest.UnitTests\WildForest.UnitTests.csproj", "{DE8B6467-1D87-4D61-86E7-0BB7C7AC8E3F}"
EndProject
Project("{FAE04EC0-301F-11D3-BF4B-00C04F79EFBC}") = "WildForest.Api", "src\WildForest.Api\WildForest.Api.csproj", "{36FB8EA3-2745-4A73-8FA3-5C57B4FA4171}"
EndProject
Project("{FAE04EC0-301F-11D3-BF4B-00C04F79EFBC}") = "WildForest.Application", "src\WildForest.Application\WildForest.Application.csproj", "{92F65E56-0A39-40D7-A159-D8DAE30EA576}"
EndProject
Project("{FAE04EC0-301F-11D3-BF4B-00C04F79EFBC}") = "WildForest.Contracts", "src\WildForest.Contracts\WildForest.Contracts.csproj", "{106B4556-7960-4FFA-9FDB-BF187713F964}"
EndProject
Project("{FAE04EC0-301F-11D3-BF4B-00C04F79EFBC}") = "WildForest.Domain", "src\WildForest.Domain\WildForest.Domain.csproj", "{3B28F80A-7E4B-4BEF-9025-DF8D5E186EF7}"
EndProject
Project("{FAE04EC0-301F-11D3-BF4B-00C04F79EFBC}") = "WildForest.Infrastructure", "src\WildForest.Infrastructure\WildForest.Infrastructure.csproj", "{343B3A1D-D234-4D79-A5C6-B4DF5048AC71}"
EndProject
Global
	GlobalSection(SolutionConfigurationPlatforms) = preSolution
		Debug|Any CPU = Debug|Any CPU
		Release|Any CPU = Release|Any CPU
	EndGlobalSection
	GlobalSection(SolutionProperties) = preSolution
		HideSolutionNode = FALSE
	EndGlobalSection
	GlobalSection(ProjectConfigurationPlatforms) = postSolution
		{DE8B6467-1D87-4D61-86E7-0BB7C7AC8E3F}.Debug|Any CPU.ActiveCfg = Debug|Any CPU
		{DE8B6467-1D87-4D61-86E7-0BB7C7AC8E3F}.Debug|Any CPU.Build.0 = Debug|Any CPU
		{DE8B6467-1D87-4D61-86E7-0BB7C7AC8E3F}.Release|Any CPU.ActiveCfg = Release|Any CPU
		{DE8B6467-1D87-4D61-86E7-0BB7C7AC8E3F}.Release|Any CPU.Build.0 = Release|Any CPU
		{36FB8EA3-2745-4A73-8FA3-5C57B4FA4171}.Debug|Any CPU.ActiveCfg = Debug|Any CPU
		{36FB8EA3-2745-4A73-8FA3-5C57B4FA4171}.Debug|Any CPU.Build.0 = Debug|Any CPU
		{36FB8EA3-2745-4A73-8FA3-5C57B4FA4171}.Release|Any CPU.ActiveCfg = Release|Any CPU
		{36FB8EA3-2745-4A73-8FA3-5C57B4FA4171}.Release|Any CPU.Build.0 = Release|Any CPU
		{92F65E56-0A39-40D7-A159-D8DAE30EA576}.Debug|Any CPU.ActiveCfg = Debug|Any CPU
		{92F65E56-0A39-40D7-A159-D8DAE30EA576}.Debug|Any CPU.Build.0 = Debug|Any CPU
		{92F65E56-0A39-40D7-A159-D8DAE30EA576}.Release|Any CPU.ActiveCfg = Release|Any CPU
		{92F65E56-0A39-40D7-A159-D8DAE30EA576}.Release|Any CPU.Build.0 = Release|Any CPU
		{106B4556-7960-4FFA-9FDB-BF187713F964}.Debug|Any CPU.ActiveCfg = Debug|Any CPU
		{106B4556-7960-4FFA-9FDB-BF187713F964}.Debug|Any CPU.Build.0 = Debug|Any CPU
		{106B4556-7960-4FFA-9FDB-BF187713F964}.Release|Any CPU.ActiveCfg = Release|Any CPU
		{106B4556-7960-4FFA-9FDB-BF187713F964}.Release|Any CPU.Build.0 = Release|Any CPU
		{3B28F80A-7E4B-4BEF-9025-DF8D5E186EF7}.Debug|Any CPU.ActiveCfg = Debug|Any CPU
		{3B28F80A-7E4B-4BEF-9025-DF8D5E186EF7}.Debug|Any CPU.Build.0 = Debug|Any CPU
		{3B28F80A-7E4B-4BEF-9025-DF8D5E186EF7}.Release|Any CPU.ActiveCfg = Release|Any CPU
		{3B28F80A-7E4B-4BEF-9025-DF8D5E186EF7}.Release|Any CPU.Build.0 = Release|Any CPU
		{343B3A1D-D234-4D79-A5C6-B4DF5048AC71}.Debug|Any CPU.ActiveCfg = Debug|Any CPU
		{343B3A1D-D234-4D79-A5C6-B4DF5048AC71}.Debug|Any CPU.Build.0 = Debug|Any CPU
		{343B3A1D-D234-4D79-A5C6-B4DF5048AC71}.Release|Any CPU.ActiveCfg = Release|Any CPU
		{343B3A1D-D234-4D79-A5C6-B4DF5048AC71}.Release|Any CPU.Build.0 = Release|Any CPU
	EndGlobalSection
	GlobalSection(NestedProjects) = preSolution
		{51E7C410-29FE-4898-B7F1-A7A5169E3E8E} = {BA998674-27A5-4094-8F8E-E11F87F9EEEF}
		{DE8B6467-1D87-4D61-86E7-0BB7C7AC8E3F} = {51E7C410-29FE-4898-B7F1-A7A5169E3E8E}
		{36FB8EA3-2745-4A73-8FA3-5C57B4FA4171} = {BA998674-27A5-4094-8F8E-E11F87F9EEEF}
		{92F65E56-0A39-40D7-A159-D8DAE30EA576} = {BA998674-27A5-4094-8F8E-E11F87F9EEEF}
		{106B4556-7960-4FFA-9FDB-BF187713F964} = {BA998674-27A5-4094-8F8E-E11F87F9EEEF}
		{3B28F80A-7E4B-4BEF-9025-DF8D5E186EF7} = {BA998674-27A5-4094-8F8E-E11F87F9EEEF}
		{343B3A1D-D234-4D79-A5C6-B4DF5048AC71} = {BA998674-27A5-4094-8F8E-E11F87F9EEEF}
	EndGlobalSection
EndGlobal
