
Microsoft Visual Studio Solution File, Format Version 12.00
# Visual Studio Version 17
VisualStudioVersion = 17.0.31903.59
MinimumVisualStudioVersion = 10.0.40219.1
Project("{2150E333-8FDC-42A3-9474-1A3956D46DE8}") = "src", "src", "{0BA4B33E-E40A-4E3C-9C13-27B2511C731C}"
EndProject
Project("{FAE04EC0-301F-11D3-BF4B-00C04F79EFBC}") = "WildForest.Api", "src\WildForest.Api\WildForest.Api.csproj", "{42F16069-43A9-48A5-80B0-419431C42990}"
EndProject
Project("{FAE04EC0-301F-11D3-BF4B-00C04F79EFBC}") = "WildForest.Application", "src\WildForest.Application\WildForest.Application.csproj", "{61D29492-C07B-44CD-8393-A28C772B0761}"
EndProject
Project("{FAE04EC0-301F-11D3-BF4B-00C04F79EFBC}") = "WildForest.Contracts", "src\WildForest.Contracts\WildForest.Contracts.csproj", "{C7DDE1FE-E51D-40E7-AFBC-9E1374EFB6EF}"
EndProject
Project("{FAE04EC0-301F-11D3-BF4B-00C04F79EFBC}") = "WildForest.Domain", "src\WildForest.Domain\WildForest.Domain.csproj", "{08ACFC5F-1C90-4DDE-B868-3EF7DA6D983D}"
EndProject
Project("{FAE04EC0-301F-11D3-BF4B-00C04F79EFBC}") = "WildForest.Infrastructure", "src\WildForest.Infrastructure\WildForest.Infrastructure.csproj", "{D087F42B-7338-4359-9806-763AFFB47934}"
EndProject
Project("{2150E333-8FDC-42A3-9474-1A3956D46DE8}") = "Tests", "Tests", "{71861DE0-50EE-48D5-8611-D8F9C3FF94BA}"
EndProject
Project("{FAE04EC0-301F-11D3-BF4B-00C04F79EFBC}") = "WildForest.UnitTests", "Tests\WildForest.UnitTests\WildForest.UnitTests.csproj", "{80C8F9D9-2D8C-427D-9BD0-2806DBB05295}"
EndProject
Global
	GlobalSection(SolutionConfigurationPlatforms) = preSolution
		Debug|Any CPU = Debug|Any CPU
		Release|Any CPU = Release|Any CPU
	EndGlobalSection
	GlobalSection(SolutionProperties) = preSolution
		HideSolutionNode = FALSE
	EndGlobalSection
	GlobalSection(ProjectConfigurationPlatforms) = postSolution
		{42F16069-43A9-48A5-80B0-419431C42990}.Debug|Any CPU.ActiveCfg = Debug|Any CPU
		{42F16069-43A9-48A5-80B0-419431C42990}.Debug|Any CPU.Build.0 = Debug|Any CPU
		{42F16069-43A9-48A5-80B0-419431C42990}.Release|Any CPU.ActiveCfg = Release|Any CPU
		{42F16069-43A9-48A5-80B0-419431C42990}.Release|Any CPU.Build.0 = Release|Any CPU
		{61D29492-C07B-44CD-8393-A28C772B0761}.Debug|Any CPU.ActiveCfg = Debug|Any CPU
		{61D29492-C07B-44CD-8393-A28C772B0761}.Debug|Any CPU.Build.0 = Debug|Any CPU
		{61D29492-C07B-44CD-8393-A28C772B0761}.Release|Any CPU.ActiveCfg = Release|Any CPU
		{61D29492-C07B-44CD-8393-A28C772B0761}.Release|Any CPU.Build.0 = Release|Any CPU
		{C7DDE1FE-E51D-40E7-AFBC-9E1374EFB6EF}.Debug|Any CPU.ActiveCfg = Debug|Any CPU
		{C7DDE1FE-E51D-40E7-AFBC-9E1374EFB6EF}.Debug|Any CPU.Build.0 = Debug|Any CPU
		{C7DDE1FE-E51D-40E7-AFBC-9E1374EFB6EF}.Release|Any CPU.ActiveCfg = Release|Any CPU
		{C7DDE1FE-E51D-40E7-AFBC-9E1374EFB6EF}.Release|Any CPU.Build.0 = Release|Any CPU
		{08ACFC5F-1C90-4DDE-B868-3EF7DA6D983D}.Debug|Any CPU.ActiveCfg = Debug|Any CPU
		{08ACFC5F-1C90-4DDE-B868-3EF7DA6D983D}.Debug|Any CPU.Build.0 = Debug|Any CPU
		{08ACFC5F-1C90-4DDE-B868-3EF7DA6D983D}.Release|Any CPU.ActiveCfg = Release|Any CPU
		{08ACFC5F-1C90-4DDE-B868-3EF7DA6D983D}.Release|Any CPU.Build.0 = Release|Any CPU
		{D087F42B-7338-4359-9806-763AFFB47934}.Debug|Any CPU.ActiveCfg = Debug|Any CPU
		{D087F42B-7338-4359-9806-763AFFB47934}.Debug|Any CPU.Build.0 = Debug|Any CPU
		{D087F42B-7338-4359-9806-763AFFB47934}.Release|Any CPU.ActiveCfg = Release|Any CPU
		{D087F42B-7338-4359-9806-763AFFB47934}.Release|Any CPU.Build.0 = Release|Any CPU
		{80C8F9D9-2D8C-427D-9BD0-2806DBB05295}.Debug|Any CPU.ActiveCfg = Debug|Any CPU
		{80C8F9D9-2D8C-427D-9BD0-2806DBB05295}.Debug|Any CPU.Build.0 = Debug|Any CPU
		{80C8F9D9-2D8C-427D-9BD0-2806DBB05295}.Release|Any CPU.ActiveCfg = Release|Any CPU
		{80C8F9D9-2D8C-427D-9BD0-2806DBB05295}.Release|Any CPU.Build.0 = Release|Any CPU
	EndGlobalSection
	GlobalSection(NestedProjects) = preSolution
		{42F16069-43A9-48A5-80B0-419431C42990} = {0BA4B33E-E40A-4E3C-9C13-27B2511C731C}
		{61D29492-C07B-44CD-8393-A28C772B0761} = {0BA4B33E-E40A-4E3C-9C13-27B2511C731C}
		{C7DDE1FE-E51D-40E7-AFBC-9E1374EFB6EF} = {0BA4B33E-E40A-4E3C-9C13-27B2511C731C}
		{08ACFC5F-1C90-4DDE-B868-3EF7DA6D983D} = {0BA4B33E-E40A-4E3C-9C13-27B2511C731C}
		{D087F42B-7338-4359-9806-763AFFB47934} = {0BA4B33E-E40A-4E3C-9C13-27B2511C731C}
		{80C8F9D9-2D8C-427D-9BD0-2806DBB05295} = {71861DE0-50EE-48D5-8611-D8F9C3FF94BA}
	EndGlobalSection
EndGlobal
